// !$*UTF8*$!
{
	archiveVersion = 1;
	classes = {
	};
	objectVersion = 48;
	objects = {

/* Begin PBXBuildFile section */
		F90875361FE4E88B002DF54C /* AppDelegate.swift in Sources */ = {isa = PBXBuildFile; fileRef = F90875351FE4E88B002DF54C /* AppDelegate.swift */; };
		F90875381FE4E88B002DF54C /* ViewController.swift in Sources */ = {isa = PBXBuildFile; fileRef = F90875371FE4E88B002DF54C /* ViewController.swift */; };
		F908753B1FE4E88B002DF54C /* Main.storyboard in Resources */ = {isa = PBXBuildFile; fileRef = F90875391FE4E88B002DF54C /* Main.storyboard */; };
		F908753D1FE4E88B002DF54C /* Assets.xcassets in Resources */ = {isa = PBXBuildFile; fileRef = F908753C1FE4E88B002DF54C /* Assets.xcassets */; };
		F90875401FE4E88B002DF54C /* LaunchScreen.storyboard in Resources */ = {isa = PBXBuildFile; fileRef = F908753E1FE4E88B002DF54C /* LaunchScreen.storyboard */; };
/* End PBXBuildFile section */

/* Begin PBXFileReference section */
		F90875321FE4E88B002DF54C /* HackingWithSwift - Project5.app */ = {isa = PBXFileReference; explicitFileType = wrapper.application; includeInIndex = 0; path = "HackingWithSwift - Project5.app"; sourceTree = BUILT_PRODUCTS_DIR; };
		F90875351FE4E88B002DF54C /* AppDelegate.swift */ = {isa = PBXFileReference; lastKnownFileType = sourcecode.swift; path = AppDelegate.swift; sourceTree = "<group>"; };
		F90875371FE4E88B002DF54C /* ViewController.swift */ = {isa = PBXFileReference; lastKnownFileType = sourcecode.swift; path = ViewController.swift; sourceTree = "<group>"; };
		F908753A1FE4E88B002DF54C /* Base */ = {isa = PBXFileReference; lastKnownFileType = file.storyboard; name = Base; path = Base.lproj/Main.storyboard; sourceTree = "<group>"; };
		F908753C1FE4E88B002DF54C /* Assets.xcassets */ = {isa = PBXFileReference; lastKnownFileType = folder.assetcatalog; path = Assets.xcassets; sourceTree = "<group>"; };
		F908753F1FE4E88B002DF54C /* Base */ = {isa = PBXFileReference; lastKnownFileType = file.storyboard; name = Base; path = Base.lproj/LaunchScreen.storyboard; sourceTree = "<group>"; };
		F90875411FE4E88B002DF54C /* Info.plist */ = {isa = PBXFileReference; lastKnownFileType = text.plist.xml; path = Info.plist; sourceTree = "<group>"; };
/* End PBXFileReference section */

/* Begin PBXFrameworksBuildPhase section */
		F908752F1FE4E88B002DF54C /* Frameworks */ = {
			isa = PBXFrameworksBuildPhase;
			buildActionMask = 2147483647;
			files = (
			);
			runOnlyForDeploymentPostprocessing = 0;
		};
/* End PBXFrameworksBuildPhase section */

/* Begin PBXGroup section */
		F90875291FE4E88B002DF54C = {
			isa = PBXGroup;
			children = (
				F90875341FE4E88B002DF54C /* HackingWithSwift - Project5 */,
				F90875331FE4E88B002DF54C /* Products */,
			);
			sourceTree = "<group>";
		};
		F90875331FE4E88B002DF54C /* Products */ = {
			isa = PBXGroup;
			children = (
				F90875321FE4E88B002DF54C /* HackingWithSwift - Project5.app */,
			);
			name = Products;
			sourceTree = "<group>";
		};
		F90875341FE4E88B002DF54C /* HackingWithSwift - Project5 */ = {
			isa = PBXGroup;
			children = (
				F90875351FE4E88B002DF54C /* AppDelegate.swift */,
				F90875371FE4E88B002DF54C /* ViewController.swift */,
				F90875391FE4E88B002DF54C /* Main.storyboard */,
				F908753C1FE4E88B002DF54C /* Assets.xcassets */,
				F908753E1FE4E88B002DF54C /* LaunchScreen.storyboard */,
				F90875411FE4E88B002DF54C /* Info.plist */,
				F90875491FE5C7BC002DF54C /* Content */,
			);
			path = "HackingWithSwift - Project5";
			sourceTree = "<group>";
		};
		F90875491FE5C7BC002DF54C /* Content */ = {
			isa = PBXGroup;
			children = (
			);
			path = Content;
			sourceTree = "<group>";
		};
/* End PBXGroup section */

/* Begin PBXNativeTarget section */
		F90875311FE4E88B002DF54C /* HackingWithSwift - Project5 */ = {
			isa = PBXNativeTarget;
			buildConfigurationList = F90875441FE4E88B002DF54C /* Build configuration list for PBXNativeTarget "HackingWithSwift - Project5" */;
			buildPhases = (
				F908752E1FE4E88B002DF54C /* Sources */,
				F908752F1FE4E88B002DF54C /* Frameworks */,
				F90875301FE4E88B002DF54C /* Resources */,
			);
			buildRules = (
			);
			dependencies = (
			);
			name = "HackingWithSwift - Project5";
			productName = "HackingWithSwift - Project5";
			productReference = F90875321FE4E88B002DF54C /* HackingWithSwift - Project5.app */;
			productType = "com.apple.product-type.application";
		};
/* End PBXNativeTarget section */

/* Begin PBXProject section */
		F908752A1FE4E88B002DF54C /* Project object */ = {
			isa = PBXProject;
			attributes = {
				LastSwiftUpdateCheck = 0920;
				LastUpgradeCheck = 0920;
				ORGANIZATIONNAME = "Patrick Flanagan";
				TargetAttributes = {
					F90875311FE4E88B002DF54C = {
						CreatedOnToolsVersion = 9.2;
						ProvisioningStyle = Automatic;
					};
				};
			};
			buildConfigurationList = F908752D1FE4E88B002DF54C /* Build configuration list for PBXProject "HackingWithSwift - Project5" */;
			compatibilityVersion = "Xcode 8.0";
			developmentRegion = en;
			hasScannedForEncodings = 0;
			knownRegions = (
				en,
				Base,
			);
			mainGroup = F90875291FE4E88B002DF54C;
			productRefGroup = F90875331FE4E88B002DF54C /* Products */;
			projectDirPath = "";
			projectRoot = "";
			targets = (
				F90875311FE4E88B002DF54C /* HackingWithSwift - Project5 */,
			);
		};
/* End PBXProject section */

/* Begin PBXResourcesBuildPhase section */
		F90875301FE4E88B002DF54C /* Resources */ = {
			isa = PBXResourcesBuildPhase;
			buildActionMask = 2147483647;
			files = (
				F90875401FE4E88B002DF54C /* LaunchScreen.storyboard in Resources */,
				F908753D1FE4E88B002DF54C /* Assets.xcassets in Resources */,
				F908753B1FE4E88B002DF54C /* Main.storyboard in Resources */,
			);
			runOnlyForDeploymentPostprocessing = 0;
		};
/* End PBXResourcesBuildPhase section */

/* Begin PBXSourcesBuildPhase section */
		F908752E1FE4E88B002DF54C /* Sources */ = {
			isa = PBXSourcesBuildPhase;
			buildActionMask = 2147483647;
			files = (
				F90875381FE4E88B002DF54C /* ViewController.swift in Sources */,
				F90875361FE4E88B002DF54C /* AppDelegate.swift in Sources */,
			);
			runOnlyForDeploymentPostprocessing = 0;
		};
/* End PBXSourcesBuildPhase section */

/* Begin PBXVariantGroup section */
		F90875391FE4E88B002DF54C /* Main.storyboard */ = {
			isa = PBXVariantGroup;
			children = (
				F908753A1FE4E88B002DF54C /* Base */,
			);
			name = Main.storyboard;
			sourceTree = "<group>";
		};
		F908753E1FE4E88B002DF54C /* LaunchScreen.storyboard */ = {
			isa = PBXVariantGroup;
			children = (
				F908753F1FE4E88B002DF54C /* Base */,
			);
			name = LaunchScreen.storyboard;
			sourceTree = "<group>";
		};
/* End PBXVariantGroup section */

/* Begin XCBuildConfiguration section */
		F90875421FE4E88B002DF54C /* Debug */ = {
			isa = XCBuildConfiguration;
			buildSettings = {
				ALWAYS_SEARCH_USER_PATHS = NO;
				CLANG_ANALYZER_NONNULL = YES;
				CLANG_ANALYZER_NUMBER_OBJECT_CONVERSION = YES_AGGRESSIVE;
				CLANG_CXX_LANGUAGE_STANDARD = "gnu++14";
				CLANG_CXX_LIBRARY = "libc++";
				CLANG_ENABLE_MODULES = YES;
				CLANG_ENABLE_OBJC_ARC = YES;
				CLANG_WARN_BLOCK_CAPTURE_AUTORELEASING = YES;
				CLANG_WARN_BOOL_CONVERSION = YES;
				CLANG_WARN_COMMA = YES;
				CLANG_WARN_CONSTANT_CONVERSION = YES;
				CLANG_WARN_DIRECT_OBJC_ISA_USAGE = YES_ERROR;
				CLANG_WARN_DOCUMENTATION_COMMENTS = YES;
				CLANG_WARN_EMPTY_BODY = YES;
				CLANG_WARN_ENUM_CONVERSION = YES;
				CLANG_WARN_INFINITE_RECURSION = YES;
				CLANG_WARN_INT_CONVERSION = YES;
				CLANG_WARN_NON_LITERAL_NULL_CONVERSION = YES;
				CLANG_WARN_OBJC_LITERAL_CONVERSION = YES;
				CLANG_WARN_OBJC_ROOT_CLASS = YES_ERROR;
				CLANG_WARN_RANGE_LOOP_ANALYSIS = YES;
				CLANG_WARN_STRICT_PROTOTYPES = YES;
				CLANG_WARN_SUSPICIOUS_MOVE = YES;
				CLANG_WARN_UNGUARDED_AVAILABILITY = YES_AGGRESSIVE;
				CLANG_WARN_UNREACHABLE_CODE = YES;
				CLANG_WARN__DUPLICATE_METHOD_MATCH = YES;
				CODE_SIGN_IDENTITY = "iPhone Developer";
				COPY_PHASE_STRIP = NO;
				DEBUG_INFORMATION_FORMAT = dwarf;
				ENABLE_STRICT_OBJC_MSGSEND = YES;
				ENABLE_TESTABILITY = YES;
				GCC_C_LANGUAGE_STANDARD = gnu11;
				GCC_DYNAMIC_NO_PIC = NO;
				GCC_NO_COMMON_BLOCKS = YES;
				GCC_OPTIMIZATION_LEVEL = 0;
				GCC_PREPROCESSOR_DEFINITIONS = (
					"DEBUG=1",
					"$(inherited)",
				);
				GCC_WARN_64_TO_32_BIT_CONVERSION = YES;
				GCC_WARN_ABOUT_RETURN_TYPE = YES_ERROR;
				GCC_WARN_UNDECLARED_SELECTOR = YES;
				GCC_WARN_UNINITIALIZED_AUTOS = YES_AGGRESSIVE;
				GCC_WARN_UNUSED_FUNCTION = YES;
				GCC_WARN_UNUSED_VARIABLE = YES;
				IPHONEOS_DEPLOYMENT_TARGET = 11.2;
				MTL_ENABLE_DEBUG_INFO = YES;
				ONLY_ACTIVE_ARCH = YES;
				SDKROOT = iphoneos;
				SWIFT_ACTIVE_COMPILATION_CONDITIONS = DEBUG;
				SWIFT_OPTIMIZATION_LEVEL = "-Onone";
			};
			name = Debug;
		};
		F90875431FE4E88B002DF54C /* Release */ = {
			isa = XCBuildConfiguration;
			buildSettings = {
				ALWAYS_SEARCH_USER_PATHS = NO;
				CLANG_ANALYZER_NONNULL = YES;
				CLANG_ANALYZER_NUMBER_OBJECT_CONVERSION = YES_AGGRESSIVE;
				CLANG_CXX_LANGUAGE_STANDARD = "gnu++14";
				CLANG_CXX_LIBRARY = "libc++";
				CLANG_ENABLE_MODULES = YES;
				CLANG_ENABLE_OBJC_ARC = YES;
				CLANG_WARN_BLOCK_CAPTURE_AUTORELEASING = YES;
				CLANG_WARN_BOOL_CONVERSION = YES;
				CLANG_WARN_COMMA = YES;
				CLANG_WARN_CONSTANT_CONVERSION = YES;
				CLANG_WARN_DIRECT_OBJC_ISA_USAGE = YES_ERROR;
				CLANG_WARN_DOCUMENTATION_COMMENTS = YES;
				CLANG_WARN_EMPTY_BODY = YES;
				CLANG_WARN_ENUM_CONVERSION = YES;
				CLANG_WARN_INFINITE_RECURSION = YES;
				CLANG_WARN_INT_CONVERSION = YES;
				CLANG_WARN_NON_LITERAL_NULL_CONVERSION = YES;
				CLANG_WARN_OBJC_LITERAL_CONVERSION = YES;
				CLANG_WARN_OBJC_ROOT_CLASS = YES_ERROR;
				CLANG_WARN_RANGE_LOOP_ANALYSIS = YES;
				CLANG_WARN_STRICT_PROTOTYPES = YES;
				CLANG_WARN_SUSPICIOUS_MOVE = YES;
				CLANG_WARN_UNGUARDED_AVAILABILITY = YES_AGGRESSIVE;
				CLANG_WARN_UNREACHABLE_CODE = YES;
				CLANG_WARN__DUPLICATE_METHOD_MATCH = YES;
				CODE_SIGN_IDENTITY = "iPhone Developer";
				COPY_PHASE_STRIP = NO;
				DEBUG_INFORMATION_FORMAT = "dwarf-with-dsym";
				ENABLE_NS_ASSERTIONS = NO;
				ENABLE_STRICT_OBJC_MSGSEND = YES;
				GCC_C_LANGUAGE_STANDARD = gnu11;
				GCC_NO_COMMON_BLOCKS = YES;
				GCC_WARN_64_TO_32_BIT_CONVERSION = YES;
				GCC_WARN_ABOUT_RETURN_TYPE = YES_ERROR;
				GCC_WARN_UNDECLARED_SELECTOR = YES;
				GCC_WARN_UNINITIALIZED_AUTOS = YES_AGGRESSIVE;
				GCC_WARN_UNUSED_FUNCTION = YES;
				GCC_WARN_UNUSED_VARIABLE = YES;
				IPHONEOS_DEPLOYMENT_TARGET = 11.2;
				MTL_ENABLE_DEBUG_INFO = NO;
				SDKROOT = iphoneos;
				SWIFT_OPTIMIZATION_LEVEL = "-Owholemodule";
				VALIDATE_PRODUCT = YES;
			};
			name = Release;
		};
		F90875451FE4E88B002DF54C /* Debug */ = {
			isa = XCBuildConfiguration;
			buildSettings = {
				ASSETCATALOG_COMPILER_APPICON_NAME = AppIcon;
				CODE_SIGN_STYLE = Automatic;
				DEVELOPMENT_TEAM = 56DJGK62A4;
				INFOPLIST_FILE = "HackingWithSwift - Project5/Info.plist";
				LD_RUNPATH_SEARCH_PATHS = "$(inherited) @executable_path/Frameworks";
				PRODUCT_BUNDLE_IDENTIFIER = "PDFlanaganATX.HackingWithSwift---Project5";
				PRODUCT_NAME = "$(TARGET_NAME)";
				SWIFT_VERSION = 4.0;
				TARGETED_DEVICE_FAMILY = "1,2";
			};
			name = Debug;
		};
		F90875461FE4E88B002DF54C /* Release */ = {
			isa = XCBuildConfiguration;
			buildSettings = {
				ASSETCATALOG_COMPILER_APPICON_NAME = AppIcon;
				CODE_SIGN_STYLE = Automatic;
				DEVELOPMENT_TEAM = 56DJGK62A4;
				INFOPLIST_FILE = "HackingWithSwift - Project5/Info.plist";
				LD_RUNPATH_SEARCH_PATHS = "$(inherited) @executable_path/Frameworks";
				PRODUCT_BUNDLE_IDENTIFIER = "PDFlanaganATX.HackingWithSwift---Project5";
				PRODUCT_NAME = "$(TARGET_NAME)";
				SWIFT_VERSION = 4.0;
				TARGETED_DEVICE_FAMILY = "1,2";
			};
			name = Release;
		};
/* End XCBuildConfiguration section */

/* Begin XCConfigurationList section */
		F908752D1FE4E88B002DF54C /* Build configuration list for PBXProject "HackingWithSwift - Project5" */ = {
			isa = XCConfigurationList;
			buildConfigurations = (
				F90875421FE4E88B002DF54C /* Debug */,
				F90875431FE4E88B002DF54C /* Release */,
			);
			defaultConfigurationIsVisible = 0;
			defaultConfigurationName = Release;
		};
		F90875441FE4E88B002DF54C /* Build configuration list for PBXNativeTarget "HackingWithSwift - Project5" */ = {
			isa = XCConfigurationList;
			buildConfigurations = (
				F90875451FE4E88B002DF54C /* Debug */,
				F90875461FE4E88B002DF54C /* Release */,
			);
			defaultConfigurationIsVisible = 0;
			defaultConfigurationName = Release;
		};
/* End XCConfigurationList section */
	};
	rootObject = F908752A1FE4E88B002DF54C /* Project object */;
}
